// !$*UTF8*$!
{
	archiveVersion = 1;
	classes = {
	};
	objectVersion = 50;
	objects = {

/* Begin PBXBuildFile section */
		7261A1DC46ED5F3022BB5DC2 /* Pods_cocoapodtest.framework in Frameworks */ = {isa = PBXBuildFile; fileRef = 7C59982995857A9655D78F12 /* Pods_cocoapodtest.framework */; };
		E6C07147BD77CDE381387F96 /* Pods_cocoapodtestTests.framework in Frameworks */ = {isa = PBXBuildFile; fileRef = 9D8458E0D0FD87AB1E4E2CB9 /* Pods_cocoapodtestTests.framework */; };
		F5758A2620DBDF6000C1DB5B /* cocoapodtest.framework in Frameworks */ = {isa = PBXBuildFile; fileRef = F5758A1C20DBDF5F00C1DB5B /* cocoapodtest.framework */; };
		F5758A2B20DBDF6000C1DB5B /* cocoapodtestTests.swift in Sources */ = {isa = PBXBuildFile; fileRef = F5758A2A20DBDF6000C1DB5B /* cocoapodtestTests.swift */; };
		F5758A2D20DBDF6000C1DB5B /* cocoapodtest.h in Headers */ = {isa = PBXBuildFile; fileRef = F5758A1F20DBDF5F00C1DB5B /* cocoapodtest.h */; settings = {ATTRIBUTES = (Public, ); }; };
/* End PBXBuildFile section */

/* Begin PBXContainerItemProxy section */
		F5758A2720DBDF6000C1DB5B /* PBXContainerItemProxy */ = {
			isa = PBXContainerItemProxy;
			containerPortal = F5758A1320DBDF5F00C1DB5B /* Project object */;
			proxyType = 1;
			remoteGlobalIDString = F5758A1B20DBDF5F00C1DB5B;
			remoteInfo = cocoapodtest;
		};
/* End PBXContainerItemProxy section */

/* Begin PBXFileReference section */
		6C6BBFEECB40E636BC0834DB /* Pods-cocoapodtestTests.release.xcconfig */ = {isa = PBXFileReference; includeInIndex = 1; lastKnownFileType = text.xcconfig; name = "Pods-cocoapodtestTests.release.xcconfig"; path = "Pods/Target Support Files/Pods-cocoapodtestTests/Pods-cocoapodtestTests.release.xcconfig"; sourceTree = "<group>"; };
		7C59982995857A9655D78F12 /* Pods_cocoapodtest.framework */ = {isa = PBXFileReference; explicitFileType = wrapper.framework; includeInIndex = 0; path = Pods_cocoapodtest.framework; sourceTree = BUILT_PRODUCTS_DIR; };
		824324DE3D8E2BE124CA530C /* Pods-cocoapodtestTests.debug.xcconfig */ = {isa = PBXFileReference; includeInIndex = 1; lastKnownFileType = text.xcconfig; name = "Pods-cocoapodtestTests.debug.xcconfig"; path = "Pods/Target Support Files/Pods-cocoapodtestTests/Pods-cocoapodtestTests.debug.xcconfig"; sourceTree = "<group>"; };
		9D8458E0D0FD87AB1E4E2CB9 /* Pods_cocoapodtestTests.framework */ = {isa = PBXFileReference; explicitFileType = wrapper.framework; includeInIndex = 0; path = Pods_cocoapodtestTests.framework; sourceTree = BUILT_PRODUCTS_DIR; };
		DFFAA35AA1EBB45087F02B52 /* Pods-cocoapodtest.release.xcconfig */ = {isa = PBXFileReference; includeInIndex = 1; lastKnownFileType = text.xcconfig; name = "Pods-cocoapodtest.release.xcconfig"; path = "Pods/Target Support Files/Pods-cocoapodtest/Pods-cocoapodtest.release.xcconfig"; sourceTree = "<group>"; };
		F3C9FAC0C8C782676EE2C1BF /* Pods-cocoapodtest.debug.xcconfig */ = {isa = PBXFileReference; includeInIndex = 1; lastKnownFileType = text.xcconfig; name = "Pods-cocoapodtest.debug.xcconfig"; path = "Pods/Target Support Files/Pods-cocoapodtest/Pods-cocoapodtest.debug.xcconfig"; sourceTree = "<group>"; };
		F5758A1C20DBDF5F00C1DB5B /* cocoapodtest.framework */ = {isa = PBXFileReference; explicitFileType = wrapper.framework; includeInIndex = 0; path = cocoapodtest.framework; sourceTree = BUILT_PRODUCTS_DIR; };
		F5758A1F20DBDF5F00C1DB5B /* cocoapodtest.h */ = {isa = PBXFileReference; lastKnownFileType = sourcecode.c.h; path = cocoapodtest.h; sourceTree = "<group>"; };
		F5758A2020DBDF5F00C1DB5B /* Info.plist */ = {isa = PBXFileReference; lastKnownFileType = text.plist.xml; path = Info.plist; sourceTree = "<group>"; };
		F5758A2520DBDF6000C1DB5B /* cocoapodtestTests.xctest */ = {isa = PBXFileReference; explicitFileType = wrapper.cfbundle; includeInIndex = 0; path = cocoapodtestTests.xctest; sourceTree = BUILT_PRODUCTS_DIR; };
		F5758A2A20DBDF6000C1DB5B /* cocoapodtestTests.swift */ = {isa = PBXFileReference; lastKnownFileType = sourcecode.swift; path = cocoapodtestTests.swift; sourceTree = "<group>"; };
		F5758A2C20DBDF6000C1DB5B /* Info.plist */ = {isa = PBXFileReference; lastKnownFileType = text.plist.xml; path = Info.plist; sourceTree = "<group>"; };
		F5758A3620DBEBE400C1DB5B /* README.md */ = {isa = PBXFileReference; lastKnownFileType = net.daringfireball.markdown; path = README.md; sourceTree = "<group>"; };
/* End PBXFileReference section */

/* Begin PBXFrameworksBuildPhase section */
		F5758A1820DBDF5F00C1DB5B /* Frameworks */ = {
			isa = PBXFrameworksBuildPhase;
			buildActionMask = 2147483647;
			files = (
				7261A1DC46ED5F3022BB5DC2 /* Pods_cocoapodtest.framework in Frameworks */,
			);
			runOnlyForDeploymentPostprocessing = 0;
		};
		F5758A2220DBDF6000C1DB5B /* Frameworks */ = {
			isa = PBXFrameworksBuildPhase;
			buildActionMask = 2147483647;
			files = (
				F5758A2620DBDF6000C1DB5B /* cocoapodtest.framework in Frameworks */,
				E6C07147BD77CDE381387F96 /* Pods_cocoapodtestTests.framework in Frameworks */,
			);
			runOnlyForDeploymentPostprocessing = 0;
		};
/* End PBXFrameworksBuildPhase section */

/* Begin PBXGroup section */
		120E6D85DD7E9E4399C21F92 /* Frameworks */ = {
			isa = PBXGroup;
			children = (
				7C59982995857A9655D78F12 /* Pods_cocoapodtest.framework */,
				9D8458E0D0FD87AB1E4E2CB9 /* Pods_cocoapodtestTests.framework */,
			);
			name = Frameworks;
			sourceTree = "<group>";
		};
		A49F9B8A9AD7BC86CFFDE241 /* Pods */ = {
			isa = PBXGroup;
			children = (
				F3C9FAC0C8C782676EE2C1BF /* Pods-cocoapodtest.debug.xcconfig */,
				DFFAA35AA1EBB45087F02B52 /* Pods-cocoapodtest.release.xcconfig */,
				824324DE3D8E2BE124CA530C /* Pods-cocoapodtestTests.debug.xcconfig */,
				6C6BBFEECB40E636BC0834DB /* Pods-cocoapodtestTests.release.xcconfig */,
			);
			name = Pods;
			sourceTree = "<group>";
		};
		F5758A1220DBDF5F00C1DB5B = {
			isa = PBXGroup;
			children = (
				F5758A3620DBEBE400C1DB5B /* README.md */,
				F5758A1E20DBDF5F00C1DB5B /* cocoapodtest */,
				F5758A2920DBDF6000C1DB5B /* cocoapodtestTests */,
				F5758A1D20DBDF5F00C1DB5B /* Products */,
				A49F9B8A9AD7BC86CFFDE241 /* Pods */,
				120E6D85DD7E9E4399C21F92 /* Frameworks */,
			);
			sourceTree = "<group>";
		};
		F5758A1D20DBDF5F00C1DB5B /* Products */ = {
			isa = PBXGroup;
			children = (
				F5758A1C20DBDF5F00C1DB5B /* cocoapodtest.framework */,
				F5758A2520DBDF6000C1DB5B /* cocoapodtestTests.xctest */,
			);
			name = Products;
			sourceTree = "<group>";
		};
		F5758A1E20DBDF5F00C1DB5B /* cocoapodtest */ = {
			isa = PBXGroup;
			children = (
				F5758A1F20DBDF5F00C1DB5B /* cocoapodtest.h */,
				F5758A2020DBDF5F00C1DB5B /* Info.plist */,
			);
			path = cocoapodtest;
			sourceTree = "<group>";
		};
		F5758A2920DBDF6000C1DB5B /* cocoapodtestTests */ = {
			isa = PBXGroup;
			children = (
				F5758A2A20DBDF6000C1DB5B /* cocoapodtestTests.swift */,
				F5758A2C20DBDF6000C1DB5B /* Info.plist */,
			);
			path = cocoapodtestTests;
			sourceTree = "<group>";
		};
/* End PBXGroup section */

/* Begin PBXHeadersBuildPhase section */
		F5758A1920DBDF5F00C1DB5B /* Headers */ = {
			isa = PBXHeadersBuildPhase;
			buildActionMask = 2147483647;
			files = (
				F5758A2D20DBDF6000C1DB5B /* cocoapodtest.h in Headers */,
			);
			runOnlyForDeploymentPostprocessing = 0;
		};
/* End PBXHeadersBuildPhase section */

/* Begin PBXNativeTarget section */
		F5758A1B20DBDF5F00C1DB5B /* cocoapodtest */ = {
			isa = PBXNativeTarget;
			buildConfigurationList = F5758A3020DBDF6000C1DB5B /* Build configuration list for PBXNativeTarget "cocoapodtest" */;
			buildPhases = (
				8CBCE28B1136D60F9498C5C1 /* [CP] Check Pods Manifest.lock */,
				F5758A1720DBDF5F00C1DB5B /* Sources */,
				F5758A1820DBDF5F00C1DB5B /* Frameworks */,
				F5758A1920DBDF5F00C1DB5B /* Headers */,
				F5758A1A20DBDF5F00C1DB5B /* Resources */,
			);
			buildRules = (
			);
			dependencies = (
			);
			name = cocoapodtest;
			productName = cocoapodtest;
			productReference = F5758A1C20DBDF5F00C1DB5B /* cocoapodtest.framework */;
			productType = "com.apple.product-type.framework";
		};
		F5758A2420DBDF6000C1DB5B /* cocoapodtestTests */ = {
			isa = PBXNativeTarget;
			buildConfigurationList = F5758A3320DBDF6000C1DB5B /* Build configuration list for PBXNativeTarget "cocoapodtestTests" */;
			buildPhases = (
				5D4710F94B391F9934F8F03B /* [CP] Check Pods Manifest.lock */,
				F5758A2120DBDF6000C1DB5B /* Sources */,
				F5758A2220DBDF6000C1DB5B /* Frameworks */,
				F5758A2320DBDF6000C1DB5B /* Resources */,
			);
			buildRules = (
			);
			dependencies = (
				F5758A2820DBDF6000C1DB5B /* PBXTargetDependency */,
			);
			name = cocoapodtestTests;
			productName = cocoapodtestTests;
			productReference = F5758A2520DBDF6000C1DB5B /* cocoapodtestTests.xctest */;
			productType = "com.apple.product-type.bundle.unit-test";
		};
/* End PBXNativeTarget section */

/* Begin PBXProject section */
		F5758A1320DBDF5F00C1DB5B /* Project object */ = {
			isa = PBXProject;
			attributes = {
				LastSwiftUpdateCheck = 0940;
				LastUpgradeCheck = 0940;
				ORGANIZATIONNAME = "Olivier Lepage";
				TargetAttributes = {
					F5758A1B20DBDF5F00C1DB5B = {
						CreatedOnToolsVersion = 9.4.1;
					};
					F5758A2420DBDF6000C1DB5B = {
						CreatedOnToolsVersion = 9.4.1;
					};
				};
			};
			buildConfigurationList = F5758A1620DBDF5F00C1DB5B /* Build configuration list for PBXProject "cocoapodtest" */;
			compatibilityVersion = "Xcode 9.3";
			developmentRegion = en;
			hasScannedForEncodings = 0;
			knownRegions = (
				en,
			);
			mainGroup = F5758A1220DBDF5F00C1DB5B;
			productRefGroup = F5758A1D20DBDF5F00C1DB5B /* Products */;
			projectDirPath = "";
			projectRoot = "";
			targets = (
				F5758A1B20DBDF5F00C1DB5B /* cocoapodtest */,
				F5758A2420DBDF6000C1DB5B /* cocoapodtestTests */,
			);
		};
/* End PBXProject section */

/* Begin PBXResourcesBuildPhase section */
		F5758A1A20DBDF5F00C1DB5B /* Resources */ = {
			isa = PBXResourcesBuildPhase;
			buildActionMask = 2147483647;
			files = (
			);
			runOnlyForDeploymentPostprocessing = 0;
		};
		F5758A2320DBDF6000C1DB5B /* Resources */ = {
			isa = PBXResourcesBuildPhase;
			buildActionMask = 2147483647;
			files = (
			);
			runOnlyForDeploymentPostprocessing = 0;
		};
/* End PBXResourcesBuildPhase section */

/* Begin PBXShellScriptBuildPhase section */
		5D4710F94B391F9934F8F03B /* [CP] Check Pods Manifest.lock */ = {
			isa = PBXShellScriptBuildPhase;
			buildActionMask = 2147483647;
			files = (
			);
			inputPaths = (
				"${PODS_PODFILE_DIR_PATH}/Podfile.lock",
				"${PODS_ROOT}/Manifest.lock",
			);
			name = "[CP] Check Pods Manifest.lock";
			outputPaths = (
				"$(DERIVED_FILE_DIR)/Pods-cocoapodtestTests-checkManifestLockResult.txt",
			);
			runOnlyForDeploymentPostprocessing = 0;
			shellPath = /bin/sh;
			shellScript = "diff \"${PODS_PODFILE_DIR_PATH}/Podfile.lock\" \"${PODS_ROOT}/Manifest.lock\" > /dev/null\nif [ $? != 0 ] ; then\n    # print error to STDERR\n    echo \"error: The sandbox is not in sync with the Podfile.lock. Run 'pod install' or update your CocoaPods installation.\" >&2\n    exit 1\nfi\n# This output is used by Xcode 'outputs' to avoid re-running this script phase.\necho \"SUCCESS\" > \"${SCRIPT_OUTPUT_FILE_0}\"\n";
			showEnvVarsInLog = 0;
		};
		8CBCE28B1136D60F9498C5C1 /* [CP] Check Pods Manifest.lock */ = {
			isa = PBXShellScriptBuildPhase;
			buildActionMask = 2147483647;
			files = (
			);
			inputPaths = (
				"${PODS_PODFILE_DIR_PATH}/Podfile.lock",
				"${PODS_ROOT}/Manifest.lock",
			);
			name = "[CP] Check Pods Manifest.lock";
			outputPaths = (
				"$(DERIVED_FILE_DIR)/Pods-cocoapodtest-checkManifestLockResult.txt",
			);
			runOnlyForDeploymentPostprocessing = 0;
			shellPath = /bin/sh;
			shellScript = "diff \"${PODS_PODFILE_DIR_PATH}/Podfile.lock\" \"${PODS_ROOT}/Manifest.lock\" > /dev/null\nif [ $? != 0 ] ; then\n    # print error to STDERR\n    echo \"error: The sandbox is not in sync with the Podfile.lock. Run 'pod install' or update your CocoaPods installation.\" >&2\n    exit 1\nfi\n# This output is used by Xcode 'outputs' to avoid re-running this script phase.\necho \"SUCCESS\" > \"${SCRIPT_OUTPUT_FILE_0}\"\n";
			showEnvVarsInLog = 0;
		};
/* End PBXShellScriptBuildPhase section */

/* Begin PBXSourcesBuildPhase section */
		F5758A1720DBDF5F00C1DB5B /* Sources */ = {
			isa = PBXSourcesBuildPhase;
			buildActionMask = 2147483647;
			files = (
			);
			runOnlyForDeploymentPostprocessing = 0;
		};
		F5758A2120DBDF6000C1DB5B /* Sources */ = {
			isa = PBXSourcesBuildPhase;
			buildActionMask = 2147483647;
			files = (
				F5758A2B20DBDF6000C1DB5B /* cocoapodtestTests.swift in Sources */,
			);
			runOnlyForDeploymentPostprocessing = 0;
		};
/* End PBXSourcesBuildPhase section */

/* Begin PBXTargetDependency section */
		F5758A2820DBDF6000C1DB5B /* PBXTargetDependency */ = {
			isa = PBXTargetDependency;
			target = F5758A1B20DBDF5F00C1DB5B /* cocoapodtest */;
			targetProxy = F5758A2720DBDF6000C1DB5B /* PBXContainerItemProxy */;
		};
/* End PBXTargetDependency section */

/* Begin XCBuildConfiguration section */
		F5758A2E20DBDF6000C1DB5B /* Debug */ = {
			isa = XCBuildConfiguration;
			buildSettings = {
				ALWAYS_SEARCH_USER_PATHS = NO;
				CLANG_ANALYZER_NONNULL = YES;
				CLANG_ANALYZER_NUMBER_OBJECT_CONVERSION = YES_AGGRESSIVE;
				CLANG_CXX_LANGUAGE_STANDARD = "gnu++14";
				CLANG_CXX_LIBRARY = "libc++";
				CLANG_ENABLE_MODULES = YES;
				CLANG_ENABLE_OBJC_ARC = YES;
				CLANG_ENABLE_OBJC_WEAK = YES;
				CLANG_WARN_BLOCK_CAPTURE_AUTORELEASING = YES;
				CLANG_WARN_BOOL_CONVERSION = YES;
				CLANG_WARN_COMMA = YES;
				CLANG_WARN_CONSTANT_CONVERSION = YES;
				CLANG_WARN_DEPRECATED_OBJC_IMPLEMENTATIONS = YES;
				CLANG_WARN_DIRECT_OBJC_ISA_USAGE = YES_ERROR;
				CLANG_WARN_DOCUMENTATION_COMMENTS = YES;
				CLANG_WARN_EMPTY_BODY = YES;
				CLANG_WARN_ENUM_CONVERSION = YES;
				CLANG_WARN_INFINITE_RECURSION = YES;
				CLANG_WARN_INT_CONVERSION = YES;
				CLANG_WARN_NON_LITERAL_NULL_CONVERSION = YES;
				CLANG_WARN_OBJC_IMPLICIT_RETAIN_SELF = YES;
				CLANG_WARN_OBJC_LITERAL_CONVERSION = YES;
				CLANG_WARN_OBJC_ROOT_CLASS = YES_ERROR;
				CLANG_WARN_RANGE_LOOP_ANALYSIS = YES;
				CLANG_WARN_STRICT_PROTOTYPES = YES;
				CLANG_WARN_SUSPICIOUS_MOVE = YES;
				CLANG_WARN_UNGUARDED_AVAILABILITY = YES_AGGRESSIVE;
				CLANG_WARN_UNREACHABLE_CODE = YES;
				CLANG_WARN__DUPLICATE_METHOD_MATCH = YES;
				CODE_SIGN_IDENTITY = "iPhone Developer";
				COPY_PHASE_STRIP = NO;
				CURRENT_PROJECT_VERSION = 3;
				DEBUG_INFORMATION_FORMAT = dwarf;
				ENABLE_STRICT_OBJC_MSGSEND = YES;
				ENABLE_TESTABILITY = YES;
				GCC_C_LANGUAGE_STANDARD = gnu11;
				GCC_DYNAMIC_NO_PIC = NO;
				GCC_NO_COMMON_BLOCKS = YES;
				GCC_OPTIMIZATION_LEVEL = 0;
				GCC_PREPROCESSOR_DEFINITIONS = (
					"DEBUG=1",
					"$(inherited)",
				);
				GCC_WARN_64_TO_32_BIT_CONVERSION = YES;
				GCC_WARN_ABOUT_RETURN_TYPE = YES_ERROR;
				GCC_WARN_UNDECLARED_SELECTOR = YES;
				GCC_WARN_UNINITIALIZED_AUTOS = YES_AGGRESSIVE;
				GCC_WARN_UNUSED_FUNCTION = YES;
				GCC_WARN_UNUSED_VARIABLE = YES;
				IPHONEOS_DEPLOYMENT_TARGET = 11.4;
				MTL_ENABLE_DEBUG_INFO = YES;
				ONLY_ACTIVE_ARCH = YES;
				SDKROOT = iphoneos;
				SWIFT_ACTIVE_COMPILATION_CONDITIONS = DEBUG;
				SWIFT_OPTIMIZATION_LEVEL = "-Onone";
				VERSIONING_SYSTEM = "apple-generic";
				VERSION_INFO_PREFIX = "";
			};
			name = Debug;
		};
		F5758A2F20DBDF6000C1DB5B /* Release */ = {
			isa = XCBuildConfiguration;
			buildSettings = {
				ALWAYS_SEARCH_USER_PATHS = NO;
				CLANG_ANALYZER_NONNULL = YES;
				CLANG_ANALYZER_NUMBER_OBJECT_CONVERSION = YES_AGGRESSIVE;
				CLANG_CXX_LANGUAGE_STANDARD = "gnu++14";
				CLANG_CXX_LIBRARY = "libc++";
				CLANG_ENABLE_MODULES = YES;
				CLANG_ENABLE_OBJC_ARC = YES;
				CLANG_ENABLE_OBJC_WEAK = YES;
				CLANG_WARN_BLOCK_CAPTURE_AUTORELEASING = YES;
				CLANG_WARN_BOOL_CONVERSION = YES;
				CLANG_WARN_COMMA = YES;
				CLANG_WARN_CONSTANT_CONVERSION = YES;
				CLANG_WARN_DEPRECATED_OBJC_IMPLEMENTATIONS = YES;
				CLANG_WARN_DIRECT_OBJC_ISA_USAGE = YES_ERROR;
				CLANG_WARN_DOCUMENTATION_COMMENTS = YES;
				CLANG_WARN_EMPTY_BODY = YES;
				CLANG_WARN_ENUM_CONVERSION = YES;
				CLANG_WARN_INFINITE_RECURSION = YES;
				CLANG_WARN_INT_CONVERSION = YES;
				CLANG_WARN_NON_LITERAL_NULL_CONVERSION = YES;
				CLANG_WARN_OBJC_IMPLICIT_RETAIN_SELF = YES;
				CLANG_WARN_OBJC_LITERAL_CONVERSION = YES;
				CLANG_WARN_OBJC_ROOT_CLASS = YES_ERROR;
				CLANG_WARN_RANGE_LOOP_ANALYSIS = YES;
				CLANG_WARN_STRICT_PROTOTYPES = YES;
				CLANG_WARN_SUSPICIOUS_MOVE = YES;
				CLANG_WARN_UNGUARDED_AVAILABILITY = YES_AGGRESSIVE;
				CLANG_WARN_UNREACHABLE_CODE = YES;
				CLANG_WARN__DUPLICATE_METHOD_MATCH = YES;
				CODE_SIGN_IDENTITY = "iPhone Developer";
				COPY_PHASE_STRIP = NO;
				CURRENT_PROJECT_VERSION = 3;
				DEBUG_INFORMATION_FORMAT = "dwarf-with-dsym";
				ENABLE_NS_ASSERTIONS = NO;
				ENABLE_STRICT_OBJC_MSGSEND = YES;
				GCC_C_LANGUAGE_STANDARD = gnu11;
				GCC_NO_COMMON_BLOCKS = YES;
				GCC_WARN_64_TO_32_BIT_CONVERSION = YES;
				GCC_WARN_ABOUT_RETURN_TYPE = YES_ERROR;
				GCC_WARN_UNDECLARED_SELECTOR = YES;
				GCC_WARN_UNINITIALIZED_AUTOS = YES_AGGRESSIVE;
				GCC_WARN_UNUSED_FUNCTION = YES;
				GCC_WARN_UNUSED_VARIABLE = YES;
				IPHONEOS_DEPLOYMENT_TARGET = 11.4;
				MTL_ENABLE_DEBUG_INFO = NO;
				SDKROOT = iphoneos;
				SWIFT_COMPILATION_MODE = wholemodule;
				SWIFT_OPTIMIZATION_LEVEL = "-O";
				VALIDATE_PRODUCT = YES;
				VERSIONING_SYSTEM = "apple-generic";
				VERSION_INFO_PREFIX = "";
			};
			name = Release;
		};
		F5758A3120DBDF6000C1DB5B /* Debug */ = {
			isa = XCBuildConfiguration;
			baseConfigurationReference = F3C9FAC0C8C782676EE2C1BF /* Pods-cocoapodtest.debug.xcconfig */;
			buildSettings = {
				CODE_SIGN_IDENTITY = "";
				CODE_SIGN_STYLE = Automatic;
				DEFINES_MODULE = YES;
				DYLIB_COMPATIBILITY_VERSION = 1;
				DYLIB_CURRENT_VERSION = 3;
				DYLIB_INSTALL_NAME_BASE = "@rpath";
				INFOPLIST_FILE = cocoapodtest/Info.plist;
				INSTALL_PATH = "$(LOCAL_LIBRARY_DIR)/Frameworks";
				LD_RUNPATH_SEARCH_PATHS = (
					"$(inherited)",
					"@executable_path/Frameworks",
					"@loader_path/Frameworks",
				);
				PRODUCT_BUNDLE_IDENTIFIER = com.olipage.cocoapodtest;
				PRODUCT_NAME = "$(TARGET_NAME:c99extidentifier)";
				SKIP_INSTALL = YES;
				SWIFT_VERSION = 4.0;
				TARGETED_DEVICE_FAMILY = "1,2";
			};
			name = Debug;
		};
		F5758A3220DBDF6000C1DB5B /* Release */ = {
			isa = XCBuildConfiguration;
			baseConfigurationReference = DFFAA35AA1EBB45087F02B52 /* Pods-cocoapodtest.release.xcconfig */;
			buildSettings = {
				CODE_SIGN_IDENTITY = "";
				CODE_SIGN_STYLE = Automatic;
				DEFINES_MODULE = YES;
				DYLIB_COMPATIBILITY_VERSION = 1;
				DYLIB_CURRENT_VERSION = 3;
				DYLIB_INSTALL_NAME_BASE = "@rpath";
				INFOPLIST_FILE = cocoapodtest/Info.plist;
				INSTALL_PATH = "$(LOCAL_LIBRARY_DIR)/Frameworks";
				LD_RUNPATH_SEARCH_PATHS = (
					"$(inherited)",
					"@executable_path/Frameworks",
					"@loader_path/Frameworks",
				);
				PRODUCT_BUNDLE_IDENTIFIER = com.olipage.cocoapodtest;
				PRODUCT_NAME = "$(TARGET_NAME:c99extidentifier)";
				SKIP_INSTALL = YES;
				SWIFT_VERSION = 4.0;
				TARGETED_DEVICE_FAMILY = "1,2";
			};
			name = Release;
		};
		F5758A3420DBDF6000C1DB5B /* Debug */ = {
			isa = XCBuildConfiguration;
			baseConfigurationReference = 824324DE3D8E2BE124CA530C /* Pods-cocoapodtestTests.debug.xcconfig */;
			buildSettings = {
				CODE_SIGN_STYLE = Automatic;
				INFOPLIST_FILE = cocoapodtestTests/Info.plist;
				LD_RUNPATH_SEARCH_PATHS = (
					"$(inherited)",
					"@executable_path/Frameworks",
					"@loader_path/Frameworks",
				);
				PRODUCT_BUNDLE_IDENTIFIER = com.olipage.cocoapodtestTests;
				PRODUCT_NAME = "$(TARGET_NAME)";
				SWIFT_VERSION = 4.0;
				TARGETED_DEVICE_FAMILY = "1,2";
			};
			name = Debug;
		};
		F5758A3520DBDF6000C1DB5B /* Release */ = {
			isa = XCBuildConfiguration;
			baseConfigurationReference = 6C6BBFEECB40E636BC0834DB /* Pods-cocoapodtestTests.release.xcconfig */;
			buildSettings = {
				CODE_SIGN_STYLE = Automatic;
				INFOPLIST_FILE = cocoapodtestTests/Info.plist;
				LD_RUNPATH_SEARCH_PATHS = (
					"$(inherited)",
					"@executable_path/Frameworks",
					"@loader_path/Frameworks",
				);
				PRODUCT_BUNDLE_IDENTIFIER = com.olipage.cocoapodtestTests;
				PRODUCT_NAME = "$(TARGET_NAME)";
				SWIFT_VERSION = 4.0;
				TARGETED_DEVICE_FAMILY = "1,2";
			};
			name = Release;
		};
/* End XCBuildConfiguration section */

/* Begin XCConfigurationList section */
		F5758A1620DBDF5F00C1DB5B /* Build configuration list for PBXProject "cocoapodtest" */ = {
			isa = XCConfigurationList;
			buildConfigurations = (
				F5758A2E20DBDF6000C1DB5B /* Debug */,
				F5758A2F20DBDF6000C1DB5B /* Release */,
			);
			defaultConfigurationIsVisible = 0;
			defaultConfigurationName = Release;
		};
		F5758A3020DBDF6000C1DB5B /* Build configuration list for PBXNativeTarget "cocoapodtest" */ = {
			isa = XCConfigurationList;
			buildConfigurations = (
				F5758A3120DBDF6000C1DB5B /* Debug */,
				F5758A3220DBDF6000C1DB5B /* Release */,
			);
			defaultConfigurationIsVisible = 0;
			defaultConfigurationName = Release;
		};
		F5758A3320DBDF6000C1DB5B /* Build configuration list for PBXNativeTarget "cocoapodtestTests" */ = {
			isa = XCConfigurationList;
			buildConfigurations = (
				F5758A3420DBDF6000C1DB5B /* Debug */,
				F5758A3520DBDF6000C1DB5B /* Release */,
			);
			defaultConfigurationIsVisible = 0;
			defaultConfigurationName = Release;
		};
/* End XCConfigurationList section */
	};
	rootObject = F5758A1320DBDF5F00C1DB5B /* Project object */;
}
